
Microsoft Visual Studio Solution File, Format Version 12.00
# Visual Studio Version 16
VisualStudioVersion = 16.0.30114.105
MinimumVisualStudioVersion = 10.0.40219.1
Project("{2150E333-8FDC-42A3-9474-1A3956D46DE8}") = "Task1", "Task1", "{AF6D1550-DCAF-4E52-87AC-96E466426C76}"
EndProject
Project("{8BC9CEB8-8B4A-11D0-8D11-00A0C91BC942}") = "Task1.1", "Task1\Task1.vcxproj", "{B7EC1924-7186-4362-8635-B675E45FDA08}"
EndProject
Project("{2150E333-8FDC-42A3-9474-1A3956D46DE8}") = "Task2", "Task2", "{2296447E-2A7E-44F6-B6DC-C9550EC23834}"
EndProject
Project("{8BC9CEB8-8B4A-11D0-8D11-00A0C91BC942}") = "Task2.1", "Task2.1\Task2.1.vcxproj", "{5B57DE29-6A2F-40C1-9330-A9A3C4BCFCFB}"
EndProject
Project("{8BC9CEB8-8B4A-11D0-8D11-00A0C91BC942}") = "Task2.2", "Task2.2\Task2.2.vcxproj", "{A0C1AF2D-F8DF-4FE8-9B6A-F7B2B26FD68D}"
EndProject
Project("{8BC9CEB8-8B4A-11D0-8D11-00A0C91BC942}") = "Task2.3", "Task2.3\Task2.3.vcxproj", "{BA2A692D-05F6-4881-B24C-1A3D580D6A7D}"
EndProject
Project("{8BC9CEB8-8B4A-11D0-8D11-00A0C91BC942}") = "Task2.4", "Task2.4\Task2.4.vcxproj", "{00745FFD-37E5-4D86-9771-2998747ED6F8}"
EndProject
Project("{2150E333-8FDC-42A3-9474-1A3956D46DE8}") = "Task3", "Task3", "{CE5E1B62-6B2B-41A2-8DA2-49114D6012E3}"
EndProject
Project("{8BC9CEB8-8B4A-11D0-8D11-00A0C91BC942}") = "Task3.1", "Task3.1\Task3.1.vcxproj", "{539A044C-0FCA-4D7E-9536-C0BD210CF0C3}"
EndProject
Project("{8BC9CEB8-8B4A-11D0-8D11-00A0C91BC942}") = "Task3.2", "Task3.2\Task3.2.vcxproj", "{DC67FBE5-2E7A-44FF-98F8-135B700D775F}"
EndProject
Project("{8BC9CEB8-8B4A-11D0-8D11-00A0C91BC942}") = "Task3.3", "Task3.3\Task3.3.vcxproj", "{5D8C4E90-A711-41D5-ABF0-D5CB8F69EB8B}"
EndProject
Project("{8BC9CEB8-8B4A-11D0-8D11-00A0C91BC942}") = "Task3.4", "Task3.4\Task3.4.vcxproj", "{7BB5BD52-400A-4728-B811-E978803CE297}"
EndProject
Project("{8BC9CEB8-8B4A-11D0-8D11-00A0C91BC942}") = "Task3.5", "Task3.5\Task3.5.vcxproj", "{F480E581-1C0C-46C4-AA7B-9A216EDCF8D5}"
EndProject
Project("{2150E333-8FDC-42A3-9474-1A3956D46DE8}") = "Task4", "Task4", "{5C344D60-844F-4312-A150-A428CB87CA80}"
EndProject
Project("{8BC9CEB8-8B4A-11D0-8D11-00A0C91BC942}") = "Task4.1", "Task4.1\Task4.1.vcxproj", "{1BB112C3-16BF-4DA5-BB9B-3E7EAA55F39E}"
EndProject
Project("{2150E333-8FDC-42A3-9474-1A3956D46DE8}") = "Task5", "Task5", "{6007BFFB-D40A-4FDB-BCD0-EF418EF40A0E}"
EndProject
Project("{2150E333-8FDC-42A3-9474-1A3956D46DE8}") = "Task6", "Task6", "{04065F20-55B6-4A1C-941F-680C5E00CDCE}"
EndProject
Project("{2150E333-8FDC-42A3-9474-1A3956D46DE8}") = "Task7", "Task7", "{806D08BD-5427-43BD-9425-3F5F1DFD7964}"
EndProject
Project("{2150E333-8FDC-42A3-9474-1A3956D46DE8}") = "Task8", "Task8", "{E3652312-8328-41B7-8AE0-39631B9451E7}"
EndProject
Project("{2150E333-8FDC-42A3-9474-1A3956D46DE8}") = "Task9", "Task9", "{DE429D5C-E73F-4C38-9394-9FDCD375F4A7}"
EndProject
Project("{2150E333-8FDC-42A3-9474-1A3956D46DE8}") = "Task10", "Task10", "{17CCCB42-06F6-4700-BC65-967463E27C77}"
EndProject
Project("{2150E333-8FDC-42A3-9474-1A3956D46DE8}") = "Task11", "Task11", "{A92DAA87-C0E7-4DB6-9C7B-A5FFEEB2EA83}"
EndProject
Project("{2150E333-8FDC-42A3-9474-1A3956D46DE8}") = "Task12", "Task12", "{5A2DC1F2-7D56-47E9-98FD-1EF7EA655DFC}"
EndProject
Project("{2150E333-8FDC-42A3-9474-1A3956D46DE8}") = "Task13", "Task13", "{1AD2E39C-1CCC-42FE-90CC-BA20B72E6853}"
EndProject
Project("{2150E333-8FDC-42A3-9474-1A3956D46DE8}") = "Task14", "Task14", "{F27A2F26-7D7F-4998-B335-BBEDD555AEB3}"
EndProject
Project("{8BC9CEB8-8B4A-11D0-8D11-00A0C91BC942}") = "Task4.2", "Task4.2\Task4.2.vcxproj", "{65DA7964-2C40-4BDA-9EF3-F9D546CC6299}"
EndProject
Project("{8BC9CEB8-8B4A-11D0-8D11-00A0C91BC942}") = "Task5.1", "Task5.1\Task5.1.vcxproj", "{9884E11E-66A1-4DF7-B95D-7A94FA44E2BA}"
EndProject
Project("{8BC9CEB8-8B4A-11D0-8D11-00A0C91BC942}") = "Task5.2", "Task5.2\Task5.2.vcxproj", "{D7CC9F29-C998-4BBE-AD01-3F0F398DEE38}"
EndProject
Project("{8BC9CEB8-8B4A-11D0-8D11-00A0C91BC942}") = "Task6.1", "Task6.1\Task6.1.vcxproj", "{06E68ACF-9370-4CCD-89D3-15B9F09BCF80}"
EndProject
Project("{8BC9CEB8-8B4A-11D0-8D11-00A0C91BC942}") = "Task6.2", "Task6.2\Task6.2.vcxproj", "{EC7C466F-C9C9-4B8A-B6C1-8860713419AF}"
EndProject
Project("{8BC9CEB8-8B4A-11D0-8D11-00A0C91BC942}") = "Task7.1", "Task7.1\Task7.1.vcxproj", "{AB55AFCB-7EE2-49D4-9CA6-9FF50A99CBD3}"
EndProject
Project("{8BC9CEB8-8B4A-11D0-8D11-00A0C91BC942}") = "Task7.2", "Task7.2\Task7.2.vcxproj", "{F85F77F3-9F20-495B-95E4-C66D6F4BF73B}"
EndProject
Project("{8BC9CEB8-8B4A-11D0-8D11-00A0C91BC942}") = "Task8.1", "Task8.1\Task8.1.vcxproj", "{20C3E50A-1347-401F-B85E-96CBB3B3796D}"
EndProject
Project("{8BC9CEB8-8B4A-11D0-8D11-00A0C91BC942}") = "Task9.1", "Task9.1\Task9.1.vcxproj", "{8859452A-3177-4CD8-9588-831B6FDA1A22}"
EndProject
Project("{8BC9CEB8-8B4A-11D0-8D11-00A0C91BC942}") = "Task9.2", "Task9.2\Task9.2.vcxproj", "{795EE90B-B09E-4A75-9D0F-54AD40D3C7CE}"
EndProject
Project("{8BC9CEB8-8B4A-11D0-8D11-00A0C91BC942}") = "Task11.1", "Task11.1\Task11.1.vcxproj", "{9226902A-23CC-4374-BD00-411C0AE21D6D}"
EndProject
Project("{8BC9CEB8-8B4A-11D0-8D11-00A0C91BC942}") = "Task11.2", "Task11.2\Task11.2.vcxproj", "{265DF305-0B57-4AAD-9698-49C8C0F4BFFE}"
EndProject
Project("{8BC9CEB8-8B4A-11D0-8D11-00A0C91BC942}") = "Task13.1", "Task13.1\Task13.1.vcxproj", "{9BFA2739-0E9E-4F7E-A35E-9EA9BE41CBE8}"
EndProject
Project("{8BC9CEB8-8B4A-11D0-8D11-00A0C91BC942}") = "Task14.1", "Task14.1\Task14.1.vcxproj", "{7AAA7819-F3DD-49DD-A29E-7E1B3E6A18F4}"
EndProject
Project("{2150E333-8FDC-42A3-9474-1A3956D46DE8}") = "Task15", "Task15", "{16D54F00-4CDF-4738-B376-BFC8BB77CF60}"
EndProject
Project("{8BC9CEB8-8B4A-11D0-8D11-00A0C91BC942}") = "Task15.1", "Task15.1\Task15.1.vcxproj", "{D98C8D57-20E3-40F4-99A5-C02EF2D41737}"
EndProject
Project("{8BC9CEB8-8B4A-11D0-8D11-00A0C91BC942}") = "Task10.1", "Task10.1\Task10.1.vcxproj", "{6DDE8803-4D27-48DA-A704-910E6C609D5C}"
EndProject
Project("{8BC9CEB8-8B4A-11D0-8D11-00A0C91BC942}") = "Task", "Task\Task.vcxproj", "{CCA9786B-A3B9-4CDC-88DB-C587BF03DF91}"
EndProject
Global
	GlobalSection(SolutionConfigurationPlatforms) = preSolution
		Debug|x64 = Debug|x64
		Debug|x86 = Debug|x86
		Release|x64 = Release|x64
		Release|x86 = Release|x86
	EndGlobalSection
	GlobalSection(ProjectConfigurationPlatforms) = postSolution
		{B7EC1924-7186-4362-8635-B675E45FDA08}.Debug|x64.ActiveCfg = Debug|x64
		{B7EC1924-7186-4362-8635-B675E45FDA08}.Debug|x64.Build.0 = Debug|x64
		{B7EC1924-7186-4362-8635-B675E45FDA08}.Debug|x86.ActiveCfg = Debug|Win32
		{B7EC1924-7186-4362-8635-B675E45FDA08}.Debug|x86.Build.0 = Debug|Win32
		{B7EC1924-7186-4362-8635-B675E45FDA08}.Release|x64.ActiveCfg = Release|x64
		{B7EC1924-7186-4362-8635-B675E45FDA08}.Release|x64.Build.0 = Release|x64
		{B7EC1924-7186-4362-8635-B675E45FDA08}.Release|x86.ActiveCfg = Release|Win32
		{B7EC1924-7186-4362-8635-B675E45FDA08}.Release|x86.Build.0 = Release|Win32
		{5B57DE29-6A2F-40C1-9330-A9A3C4BCFCFB}.Debug|x64.ActiveCfg = Debug|x64
		{5B57DE29-6A2F-40C1-9330-A9A3C4BCFCFB}.Debug|x64.Build.0 = Debug|x64
		{5B57DE29-6A2F-40C1-9330-A9A3C4BCFCFB}.Debug|x86.ActiveCfg = Debug|Win32
		{5B57DE29-6A2F-40C1-9330-A9A3C4BCFCFB}.Debug|x86.Build.0 = Debug|Win32
		{5B57DE29-6A2F-40C1-9330-A9A3C4BCFCFB}.Release|x64.ActiveCfg = Release|x64
		{5B57DE29-6A2F-40C1-9330-A9A3C4BCFCFB}.Release|x64.Build.0 = Release|x64
		{5B57DE29-6A2F-40C1-9330-A9A3C4BCFCFB}.Release|x86.ActiveCfg = Release|Win32
		{5B57DE29-6A2F-40C1-9330-A9A3C4BCFCFB}.Release|x86.Build.0 = Release|Win32
		{A0C1AF2D-F8DF-4FE8-9B6A-F7B2B26FD68D}.Debug|x64.ActiveCfg = Debug|x64
		{A0C1AF2D-F8DF-4FE8-9B6A-F7B2B26FD68D}.Debug|x64.Build.0 = Debug|x64
		{A0C1AF2D-F8DF-4FE8-9B6A-F7B2B26FD68D}.Debug|x86.ActiveCfg = Debug|Win32
		{A0C1AF2D-F8DF-4FE8-9B6A-F7B2B26FD68D}.Debug|x86.Build.0 = Debug|Win32
		{A0C1AF2D-F8DF-4FE8-9B6A-F7B2B26FD68D}.Release|x64.ActiveCfg = Release|x64
		{A0C1AF2D-F8DF-4FE8-9B6A-F7B2B26FD68D}.Release|x64.Build.0 = Release|x64
		{A0C1AF2D-F8DF-4FE8-9B6A-F7B2B26FD68D}.Release|x86.ActiveCfg = Release|Win32
		{A0C1AF2D-F8DF-4FE8-9B6A-F7B2B26FD68D}.Release|x86.Build.0 = Release|Win32
		{BA2A692D-05F6-4881-B24C-1A3D580D6A7D}.Debug|x64.ActiveCfg = Debug|x64
		{BA2A692D-05F6-4881-B24C-1A3D580D6A7D}.Debug|x64.Build.0 = Debug|x64
		{BA2A692D-05F6-4881-B24C-1A3D580D6A7D}.Debug|x86.ActiveCfg = Debug|Win32
		{BA2A692D-05F6-4881-B24C-1A3D580D6A7D}.Debug|x86.Build.0 = Debug|Win32
		{BA2A692D-05F6-4881-B24C-1A3D580D6A7D}.Release|x64.ActiveCfg = Release|x64
		{BA2A692D-05F6-4881-B24C-1A3D580D6A7D}.Release|x64.Build.0 = Release|x64
		{BA2A692D-05F6-4881-B24C-1A3D580D6A7D}.Release|x86.ActiveCfg = Release|Win32
		{BA2A692D-05F6-4881-B24C-1A3D580D6A7D}.Release|x86.Build.0 = Release|Win32
		{00745FFD-37E5-4D86-9771-2998747ED6F8}.Debug|x64.ActiveCfg = Debug|x64
		{00745FFD-37E5-4D86-9771-2998747ED6F8}.Debug|x64.Build.0 = Debug|x64
		{00745FFD-37E5-4D86-9771-2998747ED6F8}.Debug|x86.ActiveCfg = Debug|Win32
		{00745FFD-37E5-4D86-9771-2998747ED6F8}.Debug|x86.Build.0 = Debug|Win32
		{00745FFD-37E5-4D86-9771-2998747ED6F8}.Release|x64.ActiveCfg = Release|x64
		{00745FFD-37E5-4D86-9771-2998747ED6F8}.Release|x64.Build.0 = Release|x64
		{00745FFD-37E5-4D86-9771-2998747ED6F8}.Release|x86.ActiveCfg = Release|Win32
		{00745FFD-37E5-4D86-9771-2998747ED6F8}.Release|x86.Build.0 = Release|Win32
		{539A044C-0FCA-4D7E-9536-C0BD210CF0C3}.Debug|x64.ActiveCfg = Debug|x64
		{539A044C-0FCA-4D7E-9536-C0BD210CF0C3}.Debug|x64.Build.0 = Debug|x64
		{539A044C-0FCA-4D7E-9536-C0BD210CF0C3}.Debug|x86.ActiveCfg = Debug|Win32
		{539A044C-0FCA-4D7E-9536-C0BD210CF0C3}.Debug|x86.Build.0 = Debug|Win32
		{539A044C-0FCA-4D7E-9536-C0BD210CF0C3}.Release|x64.ActiveCfg = Release|x64
		{539A044C-0FCA-4D7E-9536-C0BD210CF0C3}.Release|x64.Build.0 = Release|x64
		{539A044C-0FCA-4D7E-9536-C0BD210CF0C3}.Release|x86.ActiveCfg = Release|Win32
		{539A044C-0FCA-4D7E-9536-C0BD210CF0C3}.Release|x86.Build.0 = Release|Win32
		{DC67FBE5-2E7A-44FF-98F8-135B700D775F}.Debug|x64.ActiveCfg = Debug|x64
		{DC67FBE5-2E7A-44FF-98F8-135B700D775F}.Debug|x64.Build.0 = Debug|x64
		{DC67FBE5-2E7A-44FF-98F8-135B700D775F}.Debug|x86.ActiveCfg = Debug|Win32
		{DC67FBE5-2E7A-44FF-98F8-135B700D775F}.Debug|x86.Build.0 = Debug|Win32
		{DC67FBE5-2E7A-44FF-98F8-135B700D775F}.Release|x64.ActiveCfg = Release|x64
		{DC67FBE5-2E7A-44FF-98F8-135B700D775F}.Release|x64.Build.0 = Release|x64
		{DC67FBE5-2E7A-44FF-98F8-135B700D775F}.Release|x86.ActiveCfg = Release|Win32
		{DC67FBE5-2E7A-44FF-98F8-135B700D775F}.Release|x86.Build.0 = Release|Win32
		{5D8C4E90-A711-41D5-ABF0-D5CB8F69EB8B}.Debug|x64.ActiveCfg = Debug|x64
		{5D8C4E90-A711-41D5-ABF0-D5CB8F69EB8B}.Debug|x64.Build.0 = Debug|x64
		{5D8C4E90-A711-41D5-ABF0-D5CB8F69EB8B}.Debug|x86.ActiveCfg = Debug|Win32
		{5D8C4E90-A711-41D5-ABF0-D5CB8F69EB8B}.Debug|x86.Build.0 = Debug|Win32
		{5D8C4E90-A711-41D5-ABF0-D5CB8F69EB8B}.Release|x64.ActiveCfg = Release|x64
		{5D8C4E90-A711-41D5-ABF0-D5CB8F69EB8B}.Release|x64.Build.0 = Release|x64
		{5D8C4E90-A711-41D5-ABF0-D5CB8F69EB8B}.Release|x86.ActiveCfg = Release|Win32
		{5D8C4E90-A711-41D5-ABF0-D5CB8F69EB8B}.Release|x86.Build.0 = Release|Win32
		{7BB5BD52-400A-4728-B811-E978803CE297}.Debug|x64.ActiveCfg = Debug|x64
		{7BB5BD52-400A-4728-B811-E978803CE297}.Debug|x64.Build.0 = Debug|x64
		{7BB5BD52-400A-4728-B811-E978803CE297}.Debug|x86.ActiveCfg = Debug|Win32
		{7BB5BD52-400A-4728-B811-E978803CE297}.Debug|x86.Build.0 = Debug|Win32
		{7BB5BD52-400A-4728-B811-E978803CE297}.Release|x64.ActiveCfg = Release|x64
		{7BB5BD52-400A-4728-B811-E978803CE297}.Release|x64.Build.0 = Release|x64
		{7BB5BD52-400A-4728-B811-E978803CE297}.Release|x86.ActiveCfg = Release|Win32
		{7BB5BD52-400A-4728-B811-E978803CE297}.Release|x86.Build.0 = Release|Win32
		{F480E581-1C0C-46C4-AA7B-9A216EDCF8D5}.Debug|x64.ActiveCfg = Debug|x64
		{F480E581-1C0C-46C4-AA7B-9A216EDCF8D5}.Debug|x64.Build.0 = Debug|x64
		{F480E581-1C0C-46C4-AA7B-9A216EDCF8D5}.Debug|x86.ActiveCfg = Debug|Win32
		{F480E581-1C0C-46C4-AA7B-9A216EDCF8D5}.Debug|x86.Build.0 = Debug|Win32
		{F480E581-1C0C-46C4-AA7B-9A216EDCF8D5}.Release|x64.ActiveCfg = Release|x64
		{F480E581-1C0C-46C4-AA7B-9A216EDCF8D5}.Release|x64.Build.0 = Release|x64
		{F480E581-1C0C-46C4-AA7B-9A216EDCF8D5}.Release|x86.ActiveCfg = Release|Win32
		{F480E581-1C0C-46C4-AA7B-9A216EDCF8D5}.Release|x86.Build.0 = Release|Win32
		{1BB112C3-16BF-4DA5-BB9B-3E7EAA55F39E}.Debug|x64.ActiveCfg = Debug|x64
		{1BB112C3-16BF-4DA5-BB9B-3E7EAA55F39E}.Debug|x64.Build.0 = Debug|x64
		{1BB112C3-16BF-4DA5-BB9B-3E7EAA55F39E}.Debug|x86.ActiveCfg = Debug|Win32
		{1BB112C3-16BF-4DA5-BB9B-3E7EAA55F39E}.Debug|x86.Build.0 = Debug|Win32
		{1BB112C3-16BF-4DA5-BB9B-3E7EAA55F39E}.Release|x64.ActiveCfg = Release|x64
		{1BB112C3-16BF-4DA5-BB9B-3E7EAA55F39E}.Release|x64.Build.0 = Release|x64
		{1BB112C3-16BF-4DA5-BB9B-3E7EAA55F39E}.Release|x86.ActiveCfg = Release|Win32
		{1BB112C3-16BF-4DA5-BB9B-3E7EAA55F39E}.Release|x86.Build.0 = Release|Win32
		{65DA7964-2C40-4BDA-9EF3-F9D546CC6299}.Debug|x64.ActiveCfg = Debug|x64
		{65DA7964-2C40-4BDA-9EF3-F9D546CC6299}.Debug|x64.Build.0 = Debug|x64
		{65DA7964-2C40-4BDA-9EF3-F9D546CC6299}.Debug|x86.ActiveCfg = Debug|Win32
		{65DA7964-2C40-4BDA-9EF3-F9D546CC6299}.Debug|x86.Build.0 = Debug|Win32
		{65DA7964-2C40-4BDA-9EF3-F9D546CC6299}.Release|x64.ActiveCfg = Release|x64
		{65DA7964-2C40-4BDA-9EF3-F9D546CC6299}.Release|x64.Build.0 = Release|x64
		{65DA7964-2C40-4BDA-9EF3-F9D546CC6299}.Release|x86.ActiveCfg = Release|Win32
		{65DA7964-2C40-4BDA-9EF3-F9D546CC6299}.Release|x86.Build.0 = Release|Win32
		{9884E11E-66A1-4DF7-B95D-7A94FA44E2BA}.Debug|x64.ActiveCfg = Debug|x64
		{9884E11E-66A1-4DF7-B95D-7A94FA44E2BA}.Debug|x64.Build.0 = Debug|x64
		{9884E11E-66A1-4DF7-B95D-7A94FA44E2BA}.Debug|x86.ActiveCfg = Debug|Win32
		{9884E11E-66A1-4DF7-B95D-7A94FA44E2BA}.Debug|x86.Build.0 = Debug|Win32
		{9884E11E-66A1-4DF7-B95D-7A94FA44E2BA}.Release|x64.ActiveCfg = Release|x64
		{9884E11E-66A1-4DF7-B95D-7A94FA44E2BA}.Release|x64.Build.0 = Release|x64
		{9884E11E-66A1-4DF7-B95D-7A94FA44E2BA}.Release|x86.ActiveCfg = Release|Win32
		{9884E11E-66A1-4DF7-B95D-7A94FA44E2BA}.Release|x86.Build.0 = Release|Win32
		{D7CC9F29-C998-4BBE-AD01-3F0F398DEE38}.Debug|x64.ActiveCfg = Debug|x64
		{D7CC9F29-C998-4BBE-AD01-3F0F398DEE38}.Debug|x64.Build.0 = Debug|x64
		{D7CC9F29-C998-4BBE-AD01-3F0F398DEE38}.Debug|x86.ActiveCfg = Debug|Win32
		{D7CC9F29-C998-4BBE-AD01-3F0F398DEE38}.Debug|x86.Build.0 = Debug|Win32
		{D7CC9F29-C998-4BBE-AD01-3F0F398DEE38}.Release|x64.ActiveCfg = Release|x64
		{D7CC9F29-C998-4BBE-AD01-3F0F398DEE38}.Release|x64.Build.0 = Release|x64
		{D7CC9F29-C998-4BBE-AD01-3F0F398DEE38}.Release|x86.ActiveCfg = Release|Win32
		{D7CC9F29-C998-4BBE-AD01-3F0F398DEE38}.Release|x86.Build.0 = Release|Win32
		{06E68ACF-9370-4CCD-89D3-15B9F09BCF80}.Debug|x64.ActiveCfg = Debug|x64
		{06E68ACF-9370-4CCD-89D3-15B9F09BCF80}.Debug|x64.Build.0 = Debug|x64
		{06E68ACF-9370-4CCD-89D3-15B9F09BCF80}.Debug|x86.ActiveCfg = Debug|Win32
		{06E68ACF-9370-4CCD-89D3-15B9F09BCF80}.Debug|x86.Build.0 = Debug|Win32
		{06E68ACF-9370-4CCD-89D3-15B9F09BCF80}.Release|x64.ActiveCfg = Release|x64
		{06E68ACF-9370-4CCD-89D3-15B9F09BCF80}.Release|x64.Build.0 = Release|x64
		{06E68ACF-9370-4CCD-89D3-15B9F09BCF80}.Release|x86.ActiveCfg = Release|Win32
		{06E68ACF-9370-4CCD-89D3-15B9F09BCF80}.Release|x86.Build.0 = Release|Win32
		{EC7C466F-C9C9-4B8A-B6C1-8860713419AF}.Debug|x64.ActiveCfg = Debug|x64
		{EC7C466F-C9C9-4B8A-B6C1-8860713419AF}.Debug|x64.Build.0 = Debug|x64
		{EC7C466F-C9C9-4B8A-B6C1-8860713419AF}.Debug|x86.ActiveCfg = Debug|Win32
		{EC7C466F-C9C9-4B8A-B6C1-8860713419AF}.Debug|x86.Build.0 = Debug|Win32
		{EC7C466F-C9C9-4B8A-B6C1-8860713419AF}.Release|x64.ActiveCfg = Release|x64
		{EC7C466F-C9C9-4B8A-B6C1-8860713419AF}.Release|x64.Build.0 = Release|x64
		{EC7C466F-C9C9-4B8A-B6C1-8860713419AF}.Release|x86.ActiveCfg = Release|Win32
		{EC7C466F-C9C9-4B8A-B6C1-8860713419AF}.Release|x86.Build.0 = Release|Win32
		{AB55AFCB-7EE2-49D4-9CA6-9FF50A99CBD3}.Debug|x64.ActiveCfg = Debug|x64
		{AB55AFCB-7EE2-49D4-9CA6-9FF50A99CBD3}.Debug|x64.Build.0 = Debug|x64
		{AB55AFCB-7EE2-49D4-9CA6-9FF50A99CBD3}.Debug|x86.ActiveCfg = Debug|Win32
		{AB55AFCB-7EE2-49D4-9CA6-9FF50A99CBD3}.Debug|x86.Build.0 = Debug|Win32
		{AB55AFCB-7EE2-49D4-9CA6-9FF50A99CBD3}.Release|x64.ActiveCfg = Release|x64
		{AB55AFCB-7EE2-49D4-9CA6-9FF50A99CBD3}.Release|x64.Build.0 = Release|x64
		{AB55AFCB-7EE2-49D4-9CA6-9FF50A99CBD3}.Release|x86.ActiveCfg = Release|Win32
		{AB55AFCB-7EE2-49D4-9CA6-9FF50A99CBD3}.Release|x86.Build.0 = Release|Win32
		{F85F77F3-9F20-495B-95E4-C66D6F4BF73B}.Debug|x64.ActiveCfg = Debug|x64
		{F85F77F3-9F20-495B-95E4-C66D6F4BF73B}.Debug|x64.Build.0 = Debug|x64
		{F85F77F3-9F20-495B-95E4-C66D6F4BF73B}.Debug|x86.ActiveCfg = Debug|Win32
		{F85F77F3-9F20-495B-95E4-C66D6F4BF73B}.Debug|x86.Build.0 = Debug|Win32
		{F85F77F3-9F20-495B-95E4-C66D6F4BF73B}.Release|x64.ActiveCfg = Release|x64
		{F85F77F3-9F20-495B-95E4-C66D6F4BF73B}.Release|x64.Build.0 = Release|x64
		{F85F77F3-9F20-495B-95E4-C66D6F4BF73B}.Release|x86.ActiveCfg = Release|Win32
		{F85F77F3-9F20-495B-95E4-C66D6F4BF73B}.Release|x86.Build.0 = Release|Win32
		{20C3E50A-1347-401F-B85E-96CBB3B3796D}.Debug|x64.ActiveCfg = Debug|x64
		{20C3E50A-1347-401F-B85E-96CBB3B3796D}.Debug|x64.Build.0 = Debug|x64
		{20C3E50A-1347-401F-B85E-96CBB3B3796D}.Debug|x86.ActiveCfg = Debug|Win32
		{20C3E50A-1347-401F-B85E-96CBB3B3796D}.Debug|x86.Build.0 = Debug|Win32
		{20C3E50A-1347-401F-B85E-96CBB3B3796D}.Release|x64.ActiveCfg = Release|x64
		{20C3E50A-1347-401F-B85E-96CBB3B3796D}.Release|x64.Build.0 = Release|x64
		{20C3E50A-1347-401F-B85E-96CBB3B3796D}.Release|x86.ActiveCfg = Release|Win32
		{20C3E50A-1347-401F-B85E-96CBB3B3796D}.Release|x86.Build.0 = Release|Win32
		{8859452A-3177-4CD8-9588-831B6FDA1A22}.Debug|x64.ActiveCfg = Debug|x64
		{8859452A-3177-4CD8-9588-831B6FDA1A22}.Debug|x64.Build.0 = Debug|x64
		{8859452A-3177-4CD8-9588-831B6FDA1A22}.Debug|x86.ActiveCfg = Debug|Win32
		{8859452A-3177-4CD8-9588-831B6FDA1A22}.Debug|x86.Build.0 = Debug|Win32
		{8859452A-3177-4CD8-9588-831B6FDA1A22}.Release|x64.ActiveCfg = Release|x64
		{8859452A-3177-4CD8-9588-831B6FDA1A22}.Release|x64.Build.0 = Release|x64
		{8859452A-3177-4CD8-9588-831B6FDA1A22}.Release|x86.ActiveCfg = Release|Win32
		{8859452A-3177-4CD8-9588-831B6FDA1A22}.Release|x86.Build.0 = Release|Win32
		{795EE90B-B09E-4A75-9D0F-54AD40D3C7CE}.Debug|x64.ActiveCfg = Debug|x64
		{795EE90B-B09E-4A75-9D0F-54AD40D3C7CE}.Debug|x64.Build.0 = Debug|x64
		{795EE90B-B09E-4A75-9D0F-54AD40D3C7CE}.Debug|x86.ActiveCfg = Debug|Win32
		{795EE90B-B09E-4A75-9D0F-54AD40D3C7CE}.Debug|x86.Build.0 = Debug|Win32
		{795EE90B-B09E-4A75-9D0F-54AD40D3C7CE}.Release|x64.ActiveCfg = Release|x64
		{795EE90B-B09E-4A75-9D0F-54AD40D3C7CE}.Release|x64.Build.0 = Release|x64
		{795EE90B-B09E-4A75-9D0F-54AD40D3C7CE}.Release|x86.ActiveCfg = Release|Win32
		{795EE90B-B09E-4A75-9D0F-54AD40D3C7CE}.Release|x86.Build.0 = Release|Win32
		{9226902A-23CC-4374-BD00-411C0AE21D6D}.Debug|x64.ActiveCfg = Debug|x64
		{9226902A-23CC-4374-BD00-411C0AE21D6D}.Debug|x64.Build.0 = Debug|x64
		{9226902A-23CC-4374-BD00-411C0AE21D6D}.Debug|x86.ActiveCfg = Debug|Win32
		{9226902A-23CC-4374-BD00-411C0AE21D6D}.Debug|x86.Build.0 = Debug|Win32
		{9226902A-23CC-4374-BD00-411C0AE21D6D}.Release|x64.ActiveCfg = Release|x64
		{9226902A-23CC-4374-BD00-411C0AE21D6D}.Release|x64.Build.0 = Release|x64
		{9226902A-23CC-4374-BD00-411C0AE21D6D}.Release|x86.ActiveCfg = Release|Win32
		{9226902A-23CC-4374-BD00-411C0AE21D6D}.Release|x86.Build.0 = Release|Win32
		{265DF305-0B57-4AAD-9698-49C8C0F4BFFE}.Debug|x64.ActiveCfg = Debug|x64
		{265DF305-0B57-4AAD-9698-49C8C0F4BFFE}.Debug|x64.Build.0 = Debug|x64
		{265DF305-0B57-4AAD-9698-49C8C0F4BFFE}.Debug|x86.ActiveCfg = Debug|Win32
		{265DF305-0B57-4AAD-9698-49C8C0F4BFFE}.Debug|x86.Build.0 = Debug|Win32
		{265DF305-0B57-4AAD-9698-49C8C0F4BFFE}.Release|x64.ActiveCfg = Release|x64
		{265DF305-0B57-4AAD-9698-49C8C0F4BFFE}.Release|x64.Build.0 = Release|x64
		{265DF305-0B57-4AAD-9698-49C8C0F4BFFE}.Release|x86.ActiveCfg = Release|Win32
		{265DF305-0B57-4AAD-9698-49C8C0F4BFFE}.Release|x86.Build.0 = Release|Win32
		{9BFA2739-0E9E-4F7E-A35E-9EA9BE41CBE8}.Debug|x64.ActiveCfg = Debug|x64
		{9BFA2739-0E9E-4F7E-A35E-9EA9BE41CBE8}.Debug|x64.Build.0 = Debug|x64
		{9BFA2739-0E9E-4F7E-A35E-9EA9BE41CBE8}.Debug|x86.ActiveCfg = Debug|Win32
		{9BFA2739-0E9E-4F7E-A35E-9EA9BE41CBE8}.Debug|x86.Build.0 = Debug|Win32
		{9BFA2739-0E9E-4F7E-A35E-9EA9BE41CBE8}.Release|x64.ActiveCfg = Release|x64
		{9BFA2739-0E9E-4F7E-A35E-9EA9BE41CBE8}.Release|x64.Build.0 = Release|x64
		{9BFA2739-0E9E-4F7E-A35E-9EA9BE41CBE8}.Release|x86.ActiveCfg = Release|Win32
		{9BFA2739-0E9E-4F7E-A35E-9EA9BE41CBE8}.Release|x86.Build.0 = Release|Win32
		{7AAA7819-F3DD-49DD-A29E-7E1B3E6A18F4}.Debug|x64.ActiveCfg = Debug|x64
		{7AAA7819-F3DD-49DD-A29E-7E1B3E6A18F4}.Debug|x64.Build.0 = Debug|x64
		{7AAA7819-F3DD-49DD-A29E-7E1B3E6A18F4}.Debug|x86.ActiveCfg = Debug|Win32
		{7AAA7819-F3DD-49DD-A29E-7E1B3E6A18F4}.Debug|x86.Build.0 = Debug|Win32
		{7AAA7819-F3DD-49DD-A29E-7E1B3E6A18F4}.Release|x64.ActiveCfg = Release|x64
		{7AAA7819-F3DD-49DD-A29E-7E1B3E6A18F4}.Release|x64.Build.0 = Release|x64
		{7AAA7819-F3DD-49DD-A29E-7E1B3E6A18F4}.Release|x86.ActiveCfg = Release|Win32
		{7AAA7819-F3DD-49DD-A29E-7E1B3E6A18F4}.Release|x86.Build.0 = Release|Win32
		{D98C8D57-20E3-40F4-99A5-C02EF2D41737}.Debug|x64.ActiveCfg = Debug|x64
		{D98C8D57-20E3-40F4-99A5-C02EF2D41737}.Debug|x64.Build.0 = Debug|x64
		{D98C8D57-20E3-40F4-99A5-C02EF2D41737}.Debug|x86.ActiveCfg = Debug|Win32
		{D98C8D57-20E3-40F4-99A5-C02EF2D41737}.Debug|x86.Build.0 = Debug|Win32
		{D98C8D57-20E3-40F4-99A5-C02EF2D41737}.Release|x64.ActiveCfg = Release|x64
		{D98C8D57-20E3-40F4-99A5-C02EF2D41737}.Release|x64.Build.0 = Release|x64
		{D98C8D57-20E3-40F4-99A5-C02EF2D41737}.Release|x86.ActiveCfg = Release|Win32
		{D98C8D57-20E3-40F4-99A5-C02EF2D41737}.Release|x86.Build.0 = Release|Win32
		{6DDE8803-4D27-48DA-A704-910E6C609D5C}.Debug|x64.ActiveCfg = Debug|x64
		{6DDE8803-4D27-48DA-A704-910E6C609D5C}.Debug|x64.Build.0 = Debug|x64
		{6DDE8803-4D27-48DA-A704-910E6C609D5C}.Debug|x86.ActiveCfg = Debug|Win32
		{6DDE8803-4D27-48DA-A704-910E6C609D5C}.Debug|x86.Build.0 = Debug|Win32
		{6DDE8803-4D27-48DA-A704-910E6C609D5C}.Release|x64.ActiveCfg = Release|x64
		{6DDE8803-4D27-48DA-A704-910E6C609D5C}.Release|x64.Build.0 = Release|x64
		{6DDE8803-4D27-48DA-A704-910E6C609D5C}.Release|x86.ActiveCfg = Release|Win32
		{6DDE8803-4D27-48DA-A704-910E6C609D5C}.Release|x86.Build.0 = Release|Win32
		{CCA9786B-A3B9-4CDC-88DB-C587BF03DF91}.Debug|x64.ActiveCfg = Debug|x64
		{CCA9786B-A3B9-4CDC-88DB-C587BF03DF91}.Debug|x64.Build.0 = Debug|x64
		{CCA9786B-A3B9-4CDC-88DB-C587BF03DF91}.Debug|x86.ActiveCfg = Debug|Win32
		{CCA9786B-A3B9-4CDC-88DB-C587BF03DF91}.Debug|x86.Build.0 = Debug|Win32
		{CCA9786B-A3B9-4CDC-88DB-C587BF03DF91}.Release|x64.ActiveCfg = Release|x64
		{CCA9786B-A3B9-4CDC-88DB-C587BF03DF91}.Release|x64.Build.0 = Release|x64
		{CCA9786B-A3B9-4CDC-88DB-C587BF03DF91}.Release|x86.ActiveCfg = Release|Win32
		{CCA9786B-A3B9-4CDC-88DB-C587BF03DF91}.Release|x86.Build.0 = Release|Win32
	EndGlobalSection
	GlobalSection(SolutionProperties) = preSolution
		HideSolutionNode = FALSE
	EndGlobalSection
	GlobalSection(NestedProjects) = preSolution
		{B7EC1924-7186-4362-8635-B675E45FDA08} = {AF6D1550-DCAF-4E52-87AC-96E466426C76}
		{5B57DE29-6A2F-40C1-9330-A9A3C4BCFCFB} = {2296447E-2A7E-44F6-B6DC-C9550EC23834}
		{A0C1AF2D-F8DF-4FE8-9B6A-F7B2B26FD68D} = {2296447E-2A7E-44F6-B6DC-C9550EC23834}
		{BA2A692D-05F6-4881-B24C-1A3D580D6A7D} = {2296447E-2A7E-44F6-B6DC-C9550EC23834}
		{00745FFD-37E5-4D86-9771-2998747ED6F8} = {2296447E-2A7E-44F6-B6DC-C9550EC23834}
		{539A044C-0FCA-4D7E-9536-C0BD210CF0C3} = {CE5E1B62-6B2B-41A2-8DA2-49114D6012E3}
		{DC67FBE5-2E7A-44FF-98F8-135B700D775F} = {CE5E1B62-6B2B-41A2-8DA2-49114D6012E3}
		{5D8C4E90-A711-41D5-ABF0-D5CB8F69EB8B} = {CE5E1B62-6B2B-41A2-8DA2-49114D6012E3}
		{7BB5BD52-400A-4728-B811-E978803CE297} = {CE5E1B62-6B2B-41A2-8DA2-49114D6012E3}
		{F480E581-1C0C-46C4-AA7B-9A216EDCF8D5} = {CE5E1B62-6B2B-41A2-8DA2-49114D6012E3}
		{1BB112C3-16BF-4DA5-BB9B-3E7EAA55F39E} = {5C344D60-844F-4312-A150-A428CB87CA80}
		{65DA7964-2C40-4BDA-9EF3-F9D546CC6299} = {5C344D60-844F-4312-A150-A428CB87CA80}
		{9884E11E-66A1-4DF7-B95D-7A94FA44E2BA} = {6007BFFB-D40A-4FDB-BCD0-EF418EF40A0E}
		{D7CC9F29-C998-4BBE-AD01-3F0F398DEE38} = {6007BFFB-D40A-4FDB-BCD0-EF418EF40A0E}
		{06E68ACF-9370-4CCD-89D3-15B9F09BCF80} = {04065F20-55B6-4A1C-941F-680C5E00CDCE}
		{EC7C466F-C9C9-4B8A-B6C1-8860713419AF} = {04065F20-55B6-4A1C-941F-680C5E00CDCE}
		{AB55AFCB-7EE2-49D4-9CA6-9FF50A99CBD3} = {806D08BD-5427-43BD-9425-3F5F1DFD7964}
		{F85F77F3-9F20-495B-95E4-C66D6F4BF73B} = {806D08BD-5427-43BD-9425-3F5F1DFD7964}
		{20C3E50A-1347-401F-B85E-96CBB3B3796D} = {E3652312-8328-41B7-8AE0-39631B9451E7}
		{8859452A-3177-4CD8-9588-831B6FDA1A22} = {DE429D5C-E73F-4C38-9394-9FDCD375F4A7}
		{795EE90B-B09E-4A75-9D0F-54AD40D3C7CE} = {DE429D5C-E73F-4C38-9394-9FDCD375F4A7}
		{9226902A-23CC-4374-BD00-411C0AE21D6D} = {A92DAA87-C0E7-4DB6-9C7B-A5FFEEB2EA83}
		{265DF305-0B57-4AAD-9698-49C8C0F4BFFE} = {A92DAA87-C0E7-4DB6-9C7B-A5FFEEB2EA83}
		{9BFA2739-0E9E-4F7E-A35E-9EA9BE41CBE8} = {1AD2E39C-1CCC-42FE-90CC-BA20B72E6853}
		{7AAA7819-F3DD-49DD-A29E-7E1B3E6A18F4} = {F27A2F26-7D7F-4998-B335-BBEDD555AEB3}
		{D98C8D57-20E3-40F4-99A5-C02EF2D41737} = {16D54F00-4CDF-4738-B376-BFC8BB77CF60}
		{6DDE8803-4D27-48DA-A704-910E6C609D5C} = {17CCCB42-06F6-4700-BC65-967463E27C77}
	EndGlobalSection
	GlobalSection(ExtensibilityGlobals) = postSolution
		SolutionGuid = {7E91EE5D-B87B-4BD9-A4D5-F9C1430B0F62}
	EndGlobalSection
EndGlobal
